
Microsoft Visual Studio Solution File, Format Version 12.00
# Visual Studio Version 17
VisualStudioVersion = 17.13.35605.110
MinimumVisualStudioVersion = 10.0.40219.1
Project("{FAE04EC0-301F-11D3-BF4B-00C04F79EFBC}") = "MoneyMap.Web", "src\MoneyMap.Web\MoneyMap.Web.csproj", "{9697805E-D60A-4824-BE6C-7596AA1603AD}"
EndProject
Project("{FAE04EC0-301F-11D3-BF4B-00C04F79EFBC}") = "MoneyMap", "src\MoneyMap\MoneyMap.csproj", "{D45B12C5-0659-4E31-AC78-A938737684DC}"
EndProject
Project("{2150E333-8FDC-42A3-9474-1A3956D46DE8}") = "src", "src", "{02EA681E-C7D8-13C7-8484-4AC65E1B71E8}"
EndProject
Project("{2150E333-8FDC-42A3-9474-1A3956D46DE8}") = "test", "test", "{F2B8E8DC-F5E2-4763-8412-EC8AB9A1A4DC}"
EndProject
Global
	GlobalSection(SolutionConfigurationPlatforms) = preSolution
		Debug|Any CPU = Debug|Any CPU
		Release|Any CPU = Release|Any CPU
	EndGlobalSection
	GlobalSection(ProjectConfigurationPlatforms) = postSolution
		{9697805E-D60A-4824-BE6C-7596AA1603AD}.Debug|Any CPU.ActiveCfg = Debug|Any CPU
		{9697805E-D60A-4824-BE6C-7596AA1603AD}.Debug|Any CPU.Build.0 = Debug|Any CPU
		{9697805E-D60A-4824-BE6C-7596AA1603AD}.Release|Any CPU.ActiveCfg = Release|Any CPU
		{9697805E-D60A-4824-BE6C-7596AA1603AD}.Release|Any CPU.Build.0 = Release|Any CPU
		{D45B12C5-0659-4E31-AC78-A938737684DC}.Debug|Any CPU.ActiveCfg = Debug|Any CPU
		{D45B12C5-0659-4E31-AC78-A938737684DC}.Debug|Any CPU.Build.0 = Debug|Any CPU
		{D45B12C5-0659-4E31-AC78-A938737684DC}.Release|Any CPU.ActiveCfg = Release|Any CPU
		{D45B12C5-0659-4E31-AC78-A938737684DC}.Release|Any CPU.Build.0 = Release|Any CPU
	EndGlobalSection
	GlobalSection(SolutionProperties) = preSolution
		HideSolutionNode = FALSE
	EndGlobalSection
	GlobalSection(NestedProjects) = preSolution
		{9697805E-D60A-4824-BE6C-7596AA1603AD} = {02EA681E-C7D8-13C7-8484-4AC65E1B71E8}
		{D45B12C5-0659-4E31-AC78-A938737684DC} = {02EA681E-C7D8-13C7-8484-4AC65E1B71E8}
	EndGlobalSection
	GlobalSection(ExtensibilityGlobals) = postSolution
		SolutionGuid = {AE28E792-C333-4868-BF55-DCA6D6C394C2}
	EndGlobalSection
EndGlobal
